
Microsoft Visual Studio Solution File, Format Version 12.00
# Visual Studio Version 16
VisualStudioVersion = 16.0.32126.315
MinimumVisualStudioVersion = 10.0.40219.1
Project("{FAE04EC0-301F-11D3-BF4B-00C04F79EFBC}") = "K3-TOOLS", "K3-TOOLS.csproj", "{AB7336B6-8141-4C87-AF65-15EF21EE0CAD}"
EndProject
Global
	GlobalSection(SolutionConfigurationPlatforms) = preSolution
		Debug|Any CPU = Debug|Any CPU
		Release|Any CPU = Release|Any CPU
	EndGlobalSection
	GlobalSection(ProjectConfigurationPlatforms) = postSolution
		{AB7336B6-8141-4C87-AF65-15EF21EE0CAD}.Debug|Any CPU.ActiveCfg = Debug|Any CPU
		{AB7336B6-8141-4C87-AF65-15EF21EE0CAD}.Debug|Any CPU.Build.0 = Debug|Any CPU
		{AB7336B6-8141-4C87-AF65-15EF21EE0CAD}.Release|Any CPU.ActiveCfg = Release|Any CPU
		{AB7336B6-8141-4C87-AF65-15EF21EE0CAD}.Release|Any CPU.Build.0 = Release|Any CPU
	EndGlobalSection
	GlobalSection(SolutionProperties) = preSolution
		HideSolutionNode = FALSE
	EndGlobalSection
	GlobalSection(ExtensibilityGlobals) = postSolution
		SolutionGuid = {64CDF7E4-AA7C-458B-81FE-F7F7105F9C3C}
	EndGlobalSection
EndGlobal
